
Microsoft Visual Studio Solution File, Format Version 12.00
# Visual Studio 2013
VisualStudioVersion = 12.0.40629.0
MinimumVisualStudioVersion = 10.0.40219.1
Project("{FAE04EC0-301F-11D3-BF4B-00C04F79EFBC}") = "Lambada Expressions", "Lambada Expressions\Lambada Expressions.csproj", "{69E0692A-8767-4E09-B45A-9A5E158EE0CE}"
EndProject
Project("{FAE04EC0-301F-11D3-BF4B-00C04F79EFBC}") = "Ordered Banking System", "Ordered Banking System\Ordered Banking System.csproj", "{63278946-E0DA-4E0F-94DF-CE3A39ACA680}"
EndProject
Project("{FAE04EC0-301F-11D3-BF4B-00C04F79EFBC}") = "LINQuistics", "LINQuistics\LINQuistics.csproj", "{C7E59A8A-AC7E-418A-B31B-B7B45B7CA607}"
EndProject
Global
	GlobalSection(SolutionConfigurationPlatforms) = preSolution
		Debug|Any CPU = Debug|Any CPU
		Release|Any CPU = Release|Any CPU
	EndGlobalSection
	GlobalSection(ProjectConfigurationPlatforms) = postSolution
		{69E0692A-8767-4E09-B45A-9A5E158EE0CE}.Debug|Any CPU.ActiveCfg = Debug|Any CPU
		{69E0692A-8767-4E09-B45A-9A5E158EE0CE}.Debug|Any CPU.Build.0 = Debug|Any CPU
		{69E0692A-8767-4E09-B45A-9A5E158EE0CE}.Release|Any CPU.ActiveCfg = Release|Any CPU
		{69E0692A-8767-4E09-B45A-9A5E158EE0CE}.Release|Any CPU.Build.0 = Release|Any CPU
		{63278946-E0DA-4E0F-94DF-CE3A39ACA680}.Debug|Any CPU.ActiveCfg = Debug|Any CPU
		{63278946-E0DA-4E0F-94DF-CE3A39ACA680}.Debug|Any CPU.Build.0 = Debug|Any CPU
		{63278946-E0DA-4E0F-94DF-CE3A39ACA680}.Release|Any CPU.ActiveCfg = Release|Any CPU
		{63278946-E0DA-4E0F-94DF-CE3A39ACA680}.Release|Any CPU.Build.0 = Release|Any CPU
		{C7E59A8A-AC7E-418A-B31B-B7B45B7CA607}.Debug|Any CPU.ActiveCfg = Debug|Any CPU
		{C7E59A8A-AC7E-418A-B31B-B7B45B7CA607}.Debug|Any CPU.Build.0 = Debug|Any CPU
		{C7E59A8A-AC7E-418A-B31B-B7B45B7CA607}.Release|Any CPU.ActiveCfg = Release|Any CPU
		{C7E59A8A-AC7E-418A-B31B-B7B45B7CA607}.Release|Any CPU.Build.0 = Release|Any CPU
	EndGlobalSection
	GlobalSection(SolutionProperties) = preSolution
		HideSolutionNode = FALSE
	EndGlobalSection
EndGlobal
