
Microsoft Visual Studio Solution File, Format Version 12.00
# Visual Studio 2013
VisualStudioVersion = 12.0.40629.0
MinimumVisualStudioVersion = 10.0.40219.1
Project("{FAE04EC0-301F-11D3-BF4B-00C04F79EFBC}") = "Min, Max, Sum, Average", "Min, Max, Sum, Average\Min, Max, Sum, Average.csproj", "{7A3515F5-39F9-4BBE-A32F-696B70467640}"
EndProject
Project("{FAE04EC0-301F-11D3-BF4B-00C04F79EFBC}") = "Largest 3 Numbers", "Largest 3 Numbers\Largest 3 Numbers.csproj", "{B1829329-94BC-4A64-A6A7-F13D775314AE}"
EndProject
Project("{FAE04EC0-301F-11D3-BF4B-00C04F79EFBC}") = "Short Words Sorted", "Short Words Sorted\Short Words Sorted.csproj", "{3E55F6F6-2A1E-440F-AA12-A70A6BC06A53}"
EndProject
Project("{FAE04EC0-301F-11D3-BF4B-00C04F79EFBC}") = "Fold and Sum", "Fold and Sum\Fold and Sum.csproj", "{44A9D8A5-FF7E-4037-B183-F72717517F1B}"
EndProject
Global
	GlobalSection(SolutionConfigurationPlatforms) = preSolution
		Debug|Any CPU = Debug|Any CPU
		Release|Any CPU = Release|Any CPU
	EndGlobalSection
	GlobalSection(ProjectConfigurationPlatforms) = postSolution
		{7A3515F5-39F9-4BBE-A32F-696B70467640}.Debug|Any CPU.ActiveCfg = Debug|Any CPU
		{7A3515F5-39F9-4BBE-A32F-696B70467640}.Debug|Any CPU.Build.0 = Debug|Any CPU
		{7A3515F5-39F9-4BBE-A32F-696B70467640}.Release|Any CPU.ActiveCfg = Release|Any CPU
		{7A3515F5-39F9-4BBE-A32F-696B70467640}.Release|Any CPU.Build.0 = Release|Any CPU
		{B1829329-94BC-4A64-A6A7-F13D775314AE}.Debug|Any CPU.ActiveCfg = Debug|Any CPU
		{B1829329-94BC-4A64-A6A7-F13D775314AE}.Debug|Any CPU.Build.0 = Debug|Any CPU
		{B1829329-94BC-4A64-A6A7-F13D775314AE}.Release|Any CPU.ActiveCfg = Release|Any CPU
		{B1829329-94BC-4A64-A6A7-F13D775314AE}.Release|Any CPU.Build.0 = Release|Any CPU
		{3E55F6F6-2A1E-440F-AA12-A70A6BC06A53}.Debug|Any CPU.ActiveCfg = Debug|Any CPU
		{3E55F6F6-2A1E-440F-AA12-A70A6BC06A53}.Debug|Any CPU.Build.0 = Debug|Any CPU
		{3E55F6F6-2A1E-440F-AA12-A70A6BC06A53}.Release|Any CPU.ActiveCfg = Release|Any CPU
		{3E55F6F6-2A1E-440F-AA12-A70A6BC06A53}.Release|Any CPU.Build.0 = Release|Any CPU
		{44A9D8A5-FF7E-4037-B183-F72717517F1B}.Debug|Any CPU.ActiveCfg = Debug|Any CPU
		{44A9D8A5-FF7E-4037-B183-F72717517F1B}.Debug|Any CPU.Build.0 = Debug|Any CPU
		{44A9D8A5-FF7E-4037-B183-F72717517F1B}.Release|Any CPU.ActiveCfg = Release|Any CPU
		{44A9D8A5-FF7E-4037-B183-F72717517F1B}.Release|Any CPU.Build.0 = Release|Any CPU
	EndGlobalSection
	GlobalSection(SolutionProperties) = preSolution
		HideSolutionNode = FALSE
	EndGlobalSection
EndGlobal
